
Microsoft Visual Studio Solution File, Format Version 12.00
# Visual Studio Version 17
VisualStudioVersion = 17.4.33122.133
MinimumVisualStudioVersion = 10.0.40219.1
Project("{FAE04EC0-301F-11D3-BF4B-00C04F79EFBC}") = "Projeto4", "Projeto4\Projeto4.csproj", "{65E2B2EE-2640-465A-8A6A-D4EEB10B10A9}"
EndProject
Global
	GlobalSection(SolutionConfigurationPlatforms) = preSolution
		Debug|Any CPU = Debug|Any CPU
		Release|Any CPU = Release|Any CPU
	EndGlobalSection
	GlobalSection(ProjectConfigurationPlatforms) = postSolution
		{65E2B2EE-2640-465A-8A6A-D4EEB10B10A9}.Debug|Any CPU.ActiveCfg = Debug|Any CPU
		{65E2B2EE-2640-465A-8A6A-D4EEB10B10A9}.Debug|Any CPU.Build.0 = Debug|Any CPU
		{65E2B2EE-2640-465A-8A6A-D4EEB10B10A9}.Release|Any CPU.ActiveCfg = Release|Any CPU
		{65E2B2EE-2640-465A-8A6A-D4EEB10B10A9}.Release|Any CPU.Build.0 = Release|Any CPU
	EndGlobalSection
	GlobalSection(SolutionProperties) = preSolution
		HideSolutionNode = FALSE
	EndGlobalSection
	GlobalSection(ExtensibilityGlobals) = postSolution
		SolutionGuid = {8665E70F-5D6C-43D4-B048-A2A40D3A00FB}
	EndGlobalSection
EndGlobal
